
Microsoft Visual Studio Solution File, Format Version 12.00
# Visual Studio Version 17
VisualStudioVersion = 17.6.33723.286
MinimumVisualStudioVersion = 10.0.40219.1
Project("{FAE04EC0-301F-11D3-BF4B-00C04F79EFBC}") = "AlexAufgaben", "AlexAufgaben\AlexAufgaben.csproj", "{AF2BC9E7-E247-41E1-84C3-1BF64096A12A}"
EndProject
Global
	GlobalSection(SolutionConfigurationPlatforms) = preSolution
		Debug|Any CPU = Debug|Any CPU
		Release|Any CPU = Release|Any CPU
	EndGlobalSection
	GlobalSection(ProjectConfigurationPlatforms) = postSolution
		{AF2BC9E7-E247-41E1-84C3-1BF64096A12A}.Debug|Any CPU.ActiveCfg = Debug|Any CPU
		{AF2BC9E7-E247-41E1-84C3-1BF64096A12A}.Debug|Any CPU.Build.0 = Debug|Any CPU
		{AF2BC9E7-E247-41E1-84C3-1BF64096A12A}.Release|Any CPU.ActiveCfg = Release|Any CPU
		{AF2BC9E7-E247-41E1-84C3-1BF64096A12A}.Release|Any CPU.Build.0 = Release|Any CPU
	EndGlobalSection
	GlobalSection(SolutionProperties) = preSolution
		HideSolutionNode = FALSE
	EndGlobalSection
	GlobalSection(ExtensibilityGlobals) = postSolution
		SolutionGuid = {7AA801F6-91D5-4519-AA82-FAF2D89A6233}
	EndGlobalSection
EndGlobal
